
Microsoft Visual Studio Solution File, Format Version 12.00
# Visual Studio 15
VisualStudioVersion = 15.0.28010.2016
MinimumVisualStudioVersion = 10.0.40219.1
Project("{FAE04EC0-301F-11D3-BF4B-00C04F79EFBC}") = "webapi", "webapi\webapi.csproj", "{8C2E375E-8E9C-4677-B2C8-93C6346FFB09}"
EndProject
Global
	GlobalSection(SolutionConfigurationPlatforms) = preSolution
		Debug|Any CPU = Debug|Any CPU
		Release|Any CPU = Release|Any CPU
	EndGlobalSection
	GlobalSection(ProjectConfigurationPlatforms) = postSolution
		{8C2E375E-8E9C-4677-B2C8-93C6346FFB09}.Debug|Any CPU.ActiveCfg = Debug|Any CPU
		{8C2E375E-8E9C-4677-B2C8-93C6346FFB09}.Debug|Any CPU.Build.0 = Debug|Any CPU
		{8C2E375E-8E9C-4677-B2C8-93C6346FFB09}.Release|Any CPU.ActiveCfg = Release|Any CPU
		{8C2E375E-8E9C-4677-B2C8-93C6346FFB09}.Release|Any CPU.Build.0 = Release|Any CPU
	EndGlobalSection
	GlobalSection(SolutionProperties) = preSolution
		HideSolutionNode = FALSE
	EndGlobalSection
	GlobalSection(ExtensibilityGlobals) = postSolution
		SolutionGuid = {F5D28342-FBBA-4E20-AC25-D68DC3F09E19}
	EndGlobalSection
EndGlobal
